
Microsoft Visual Studio Solution File, Format Version 12.00
# Visual Studio Version 17
VisualStudioVersion = 17.3.32825.248
MinimumVisualStudioVersion = 10.0.40219.1
Project("{FAE04EC0-301F-11D3-BF4B-00C04F79EFBC}") = "Shop", "Shop\Shop.csproj", "{9F8CA654-0ABE-487F-80FF-39CF62A0231D}"
EndProject
Global
	GlobalSection(SolutionConfigurationPlatforms) = preSolution
		Debug|Any CPU = Debug|Any CPU
		Release|Any CPU = Release|Any CPU
	EndGlobalSection
	GlobalSection(ProjectConfigurationPlatforms) = postSolution
		{9F8CA654-0ABE-487F-80FF-39CF62A0231D}.Debug|Any CPU.ActiveCfg = Debug|Any CPU
		{9F8CA654-0ABE-487F-80FF-39CF62A0231D}.Debug|Any CPU.Build.0 = Debug|Any CPU
		{9F8CA654-0ABE-487F-80FF-39CF62A0231D}.Release|Any CPU.ActiveCfg = Release|Any CPU
		{9F8CA654-0ABE-487F-80FF-39CF62A0231D}.Release|Any CPU.Build.0 = Release|Any CPU
	EndGlobalSection
	GlobalSection(SolutionProperties) = preSolution
		HideSolutionNode = FALSE
	EndGlobalSection
	GlobalSection(ExtensibilityGlobals) = postSolution
		SolutionGuid = {3376C8E7-F131-4F0E-B0A2-A21A8E28AC99}
	EndGlobalSection
EndGlobal
